// !$*UTF8*$!
{
	archiveVersion = 1;
	classes = {
	};
	objectVersion = 48;
	objects = {

/* Begin PBXBuildFile section */
		5F1E175A1FA4330600BE52CC /* AppDelegate.swift in Sources */ = {isa = PBXBuildFile; fileRef = 5F1E17591FA4330600BE52CC /* AppDelegate.swift */; };
		5F1E175F1FA4330600BE52CC /* Main.storyboard in Resources */ = {isa = PBXBuildFile; fileRef = 5F1E175D1FA4330600BE52CC /* Main.storyboard */; };
		5F1E17621FA4330600BE52CC /* ColorsTableView.xcdatamodeld in Sources */ = {isa = PBXBuildFile; fileRef = 5F1E17601FA4330600BE52CC /* ColorsTableView.xcdatamodeld */; };
		5F1E17641FA4330600BE52CC /* Assets.xcassets in Resources */ = {isa = PBXBuildFile; fileRef = 5F1E17631FA4330600BE52CC /* Assets.xcassets */; };
		5F1E17671FA4330600BE52CC /* LaunchScreen.storyboard in Resources */ = {isa = PBXBuildFile; fileRef = 5F1E17651FA4330600BE52CC /* LaunchScreen.storyboard */; };
		5F1E17721FA4330700BE52CC /* ColorsTableViewTests.swift in Sources */ = {isa = PBXBuildFile; fileRef = 5F1E17711FA4330700BE52CC /* ColorsTableViewTests.swift */; };
		5F1E177D1FA4330700BE52CC /* ColorsTableViewUITests.swift in Sources */ = {isa = PBXBuildFile; fileRef = 5F1E177C1FA4330700BE52CC /* ColorsTableViewUITests.swift */; };
		5F1E178B1FA433D100BE52CC /* ColorsViewController.swift in Sources */ = {isa = PBXBuildFile; fileRef = 5F1E178A1FA433D100BE52CC /* ColorsViewController.swift */; };
		5F1E178D1FA4396500BE52CC /* Color.swift in Sources */ = {isa = PBXBuildFile; fileRef = 5F1E178C1FA4396500BE52CC /* Color.swift */; };
/* End PBXBuildFile section */

/* Begin PBXContainerItemProxy section */
		5F1E176E1FA4330700BE52CC /* PBXContainerItemProxy */ = {
			isa = PBXContainerItemProxy;
			containerPortal = 5F1E174E1FA4330600BE52CC /* Project object */;
			proxyType = 1;
			remoteGlobalIDString = 5F1E17551FA4330600BE52CC;
			remoteInfo = ColorsTableView;
		};
		5F1E17791FA4330700BE52CC /* PBXContainerItemProxy */ = {
			isa = PBXContainerItemProxy;
			containerPortal = 5F1E174E1FA4330600BE52CC /* Project object */;
			proxyType = 1;
			remoteGlobalIDString = 5F1E17551FA4330600BE52CC;
			remoteInfo = ColorsTableView;
		};
/* End PBXContainerItemProxy section */

/* Begin PBXFileReference section */
		5F1E17561FA4330600BE52CC /* ColorsTableView.app */ = {isa = PBXFileReference; explicitFileType = wrapper.application; includeInIndex = 0; path = ColorsTableView.app; sourceTree = BUILT_PRODUCTS_DIR; };
		5F1E17591FA4330600BE52CC /* AppDelegate.swift */ = {isa = PBXFileReference; lastKnownFileType = sourcecode.swift; path = AppDelegate.swift; sourceTree = "<group>"; };
		5F1E175E1FA4330600BE52CC /* Base */ = {isa = PBXFileReference; lastKnownFileType = file.storyboard; name = Base; path = Base.lproj/Main.storyboard; sourceTree = "<group>"; };
		5F1E17611FA4330600BE52CC /* ColorsTableView.xcdatamodel */ = {isa = PBXFileReference; lastKnownFileType = wrapper.xcdatamodel; path = ColorsTableView.xcdatamodel; sourceTree = "<group>"; };
		5F1E17631FA4330600BE52CC /* Assets.xcassets */ = {isa = PBXFileReference; lastKnownFileType = folder.assetcatalog; path = Assets.xcassets; sourceTree = "<group>"; };
		5F1E17661FA4330600BE52CC /* Base */ = {isa = PBXFileReference; lastKnownFileType = file.storyboard; name = Base; path = Base.lproj/LaunchScreen.storyboard; sourceTree = "<group>"; };
		5F1E17681FA4330600BE52CC /* Info.plist */ = {isa = PBXFileReference; lastKnownFileType = text.plist.xml; path = Info.plist; sourceTree = "<group>"; };
		5F1E176D1FA4330700BE52CC /* ColorsTableViewTests.xctest */ = {isa = PBXFileReference; explicitFileType = wrapper.cfbundle; includeInIndex = 0; path = ColorsTableViewTests.xctest; sourceTree = BUILT_PRODUCTS_DIR; };
		5F1E17711FA4330700BE52CC /* ColorsTableViewTests.swift */ = {isa = PBXFileReference; lastKnownFileType = sourcecode.swift; path = ColorsTableViewTests.swift; sourceTree = "<group>"; };
		5F1E17731FA4330700BE52CC /* Info.plist */ = {isa = PBXFileReference; lastKnownFileType = text.plist.xml; path = Info.plist; sourceTree = "<group>"; };
		5F1E17781FA4330700BE52CC /* ColorsTableViewUITests.xctest */ = {isa = PBXFileReference; explicitFileType = wrapper.cfbundle; includeInIndex = 0; path = ColorsTableViewUITests.xctest; sourceTree = BUILT_PRODUCTS_DIR; };
		5F1E177C1FA4330700BE52CC /* ColorsTableViewUITests.swift */ = {isa = PBXFileReference; lastKnownFileType = sourcecode.swift; path = ColorsTableViewUITests.swift; sourceTree = "<group>"; };
		5F1E177E1FA4330700BE52CC /* Info.plist */ = {isa = PBXFileReference; lastKnownFileType = text.plist.xml; path = Info.plist; sourceTree = "<group>"; };
		5F1E178A1FA433D100BE52CC /* ColorsViewController.swift */ = {isa = PBXFileReference; lastKnownFileType = sourcecode.swift; path = ColorsViewController.swift; sourceTree = "<group>"; };
		5F1E178C1FA4396500BE52CC /* Color.swift */ = {isa = PBXFileReference; lastKnownFileType = sourcecode.swift; path = Color.swift; sourceTree = "<group>"; };
/* End PBXFileReference section */

/* Begin PBXFrameworksBuildPhase section */
		5F1E17531FA4330600BE52CC /* Frameworks */ = {
			isa = PBXFrameworksBuildPhase;
			buildActionMask = 2147483647;
			files = (
			);
			runOnlyForDeploymentPostprocessing = 0;
		};
		5F1E176A1FA4330700BE52CC /* Frameworks */ = {
			isa = PBXFrameworksBuildPhase;
			buildActionMask = 2147483647;
			files = (
			);
			runOnlyForDeploymentPostprocessing = 0;
		};
		5F1E17751FA4330700BE52CC /* Frameworks */ = {
			isa = PBXFrameworksBuildPhase;
			buildActionMask = 2147483647;
			files = (
			);
			runOnlyForDeploymentPostprocessing = 0;
		};
/* End PBXFrameworksBuildPhase section */

/* Begin PBXGroup section */
		5F1E174D1FA4330600BE52CC = {
			isa = PBXGroup;
			children = (
				5F1E17581FA4330600BE52CC /* ColorsTableView */,
				5F1E17701FA4330700BE52CC /* ColorsTableViewTests */,
				5F1E177B1FA4330700BE52CC /* ColorsTableViewUITests */,
				5F1E17571FA4330600BE52CC /* Products */,
			);
			sourceTree = "<group>";
		};
		5F1E17571FA4330600BE52CC /* Products */ = {
			isa = PBXGroup;
			children = (
				5F1E17561FA4330600BE52CC /* ColorsTableView.app */,
				5F1E176D1FA4330700BE52CC /* ColorsTableViewTests.xctest */,
				5F1E17781FA4330700BE52CC /* ColorsTableViewUITests.xctest */,
			);
			name = Products;
			sourceTree = "<group>";
		};
		5F1E17581FA4330600BE52CC /* ColorsTableView */ = {
			isa = PBXGroup;
			children = (
				5F1E17591FA4330600BE52CC /* AppDelegate.swift */,
				5F1E175D1FA4330600BE52CC /* Main.storyboard */,
				5F1E17631FA4330600BE52CC /* Assets.xcassets */,
				5F1E17651FA4330600BE52CC /* LaunchScreen.storyboard */,
				5F1E17681FA4330600BE52CC /* Info.plist */,
				5F1E17601FA4330600BE52CC /* ColorsTableView.xcdatamodeld */,
				5F1E178A1FA433D100BE52CC /* ColorsViewController.swift */,
				5F1E178C1FA4396500BE52CC /* Color.swift */,
			);
			path = ColorsTableView;
			sourceTree = "<group>";
		};
		5F1E17701FA4330700BE52CC /* ColorsTableViewTests */ = {
			isa = PBXGroup;
			children = (
				5F1E17711FA4330700BE52CC /* ColorsTableViewTests.swift */,
				5F1E17731FA4330700BE52CC /* Info.plist */,
			);
			path = ColorsTableViewTests;
			sourceTree = "<group>";
		};
		5F1E177B1FA4330700BE52CC /* ColorsTableViewUITests */ = {
			isa = PBXGroup;
			children = (
				5F1E177C1FA4330700BE52CC /* ColorsTableViewUITests.swift */,
				5F1E177E1FA4330700BE52CC /* Info.plist */,
			);
			path = ColorsTableViewUITests;
			sourceTree = "<group>";
		};
/* End PBXGroup section */

/* Begin PBXNativeTarget section */
		5F1E17551FA4330600BE52CC /* ColorsTableView */ = {
			isa = PBXNativeTarget;
			buildConfigurationList = 5F1E17811FA4330700BE52CC /* Build configuration list for PBXNativeTarget "ColorsTableView" */;
			buildPhases = (
				5F1E17521FA4330600BE52CC /* Sources */,
				5F1E17531FA4330600BE52CC /* Frameworks */,
				5F1E17541FA4330600BE52CC /* Resources */,
			);
			buildRules = (
			);
			dependencies = (
			);
			name = ColorsTableView;
			productName = ColorsTableView;
			productReference = 5F1E17561FA4330600BE52CC /* ColorsTableView.app */;
			productType = "com.apple.product-type.application";
		};
		5F1E176C1FA4330700BE52CC /* ColorsTableViewTests */ = {
			isa = PBXNativeTarget;
			buildConfigurationList = 5F1E17841FA4330700BE52CC /* Build configuration list for PBXNativeTarget "ColorsTableViewTests" */;
			buildPhases = (
				5F1E17691FA4330700BE52CC /* Sources */,
				5F1E176A1FA4330700BE52CC /* Frameworks */,
				5F1E176B1FA4330700BE52CC /* Resources */,
			);
			buildRules = (
			);
			dependencies = (
				5F1E176F1FA4330700BE52CC /* PBXTargetDependency */,
			);
			name = ColorsTableViewTests;
			productName = ColorsTableViewTests;
			productReference = 5F1E176D1FA4330700BE52CC /* ColorsTableViewTests.xctest */;
			productType = "com.apple.product-type.bundle.unit-test";
		};
		5F1E17771FA4330700BE52CC /* ColorsTableViewUITests */ = {
			isa = PBXNativeTarget;
			buildConfigurationList = 5F1E17871FA4330700BE52CC /* Build configuration list for PBXNativeTarget "ColorsTableViewUITests" */;
			buildPhases = (
				5F1E17741FA4330700BE52CC /* Sources */,
				5F1E17751FA4330700BE52CC /* Frameworks */,
				5F1E17761FA4330700BE52CC /* Resources */,
			);
			buildRules = (
			);
			dependencies = (
				5F1E177A1FA4330700BE52CC /* PBXTargetDependency */,
			);
			name = ColorsTableViewUITests;
			productName = ColorsTableViewUITests;
			productReference = 5F1E17781FA4330700BE52CC /* ColorsTableViewUITests.xctest */;
			productType = "com.apple.product-type.bundle.ui-testing";
		};
/* End PBXNativeTarget section */

/* Begin PBXProject section */
		5F1E174E1FA4330600BE52CC /* Project object */ = {
			isa = PBXProject;
			attributes = {
				LastSwiftUpdateCheck = 0900;
				LastUpgradeCheck = 0900;
				ORGANIZATIONNAME = "Kevin Hunkins";
				TargetAttributes = {
					5F1E17551FA4330600BE52CC = {
						CreatedOnToolsVersion = 9.0.1;
						ProvisioningStyle = Automatic;
					};
					5F1E176C1FA4330700BE52CC = {
						CreatedOnToolsVersion = 9.0.1;
						ProvisioningStyle = Automatic;
						TestTargetID = 5F1E17551FA4330600BE52CC;
					};
					5F1E17771FA4330700BE52CC = {
						CreatedOnToolsVersion = 9.0.1;
						ProvisioningStyle = Automatic;
						TestTargetID = 5F1E17551FA4330600BE52CC;
					};
				};
			};
			buildConfigurationList = 5F1E17511FA4330600BE52CC /* Build configuration list for PBXProject "ColorsTableView" */;
			compatibilityVersion = "Xcode 8.0";
			developmentRegion = en;
			hasScannedForEncodings = 0;
			knownRegions = (
				en,
				Base,
			);
			mainGroup = 5F1E174D1FA4330600BE52CC;
			productRefGroup = 5F1E17571FA4330600BE52CC /* Products */;
			projectDirPath = "";
			projectRoot = "";
			targets = (
				5F1E17551FA4330600BE52CC /* ColorsTableView */,
				5F1E176C1FA4330700BE52CC /* ColorsTableViewTests */,
				5F1E17771FA4330700BE52CC /* ColorsTableViewUITests */,
			);
		};
/* End PBXProject section */

/* Begin PBXResourcesBuildPhase section */
		5F1E17541FA4330600BE52CC /* Resources */ = {
			isa = PBXResourcesBuildPhase;
			buildActionMask = 2147483647;
			files = (
				5F1E17671FA4330600BE52CC /* LaunchScreen.storyboard in Resources */,
				5F1E17641FA4330600BE52CC /* Assets.xcassets in Resources */,
				5F1E175F1FA4330600BE52CC /* Main.storyboard in Resources */,
			);
			runOnlyForDeploymentPostprocessing = 0;
		};
		5F1E176B1FA4330700BE52CC /* Resources */ = {
			isa = PBXResourcesBuildPhase;
			buildActionMask = 2147483647;
			files = (
			);
			runOnlyForDeploymentPostprocessing = 0;
		};
		5F1E17761FA4330700BE52CC /* Resources */ = {
			isa = PBXResourcesBuildPhase;
			buildActionMask = 2147483647;
			files = (
			);
			runOnlyForDeploymentPostprocessing = 0;
		};
/* End PBXResourcesBuildPhase section */

/* Begin PBXSourcesBuildPhase section */
		5F1E17521FA4330600BE52CC /* Sources */ = {
			isa = PBXSourcesBuildPhase;
			buildActionMask = 2147483647;
			files = (
				5F1E175A1FA4330600BE52CC /* AppDelegate.swift in Sources */,
				5F1E178D1FA4396500BE52CC /* Color.swift in Sources */,
				5F1E178B1FA433D100BE52CC /* ColorsViewController.swift in Sources */,
				5F1E17621FA4330600BE52CC /* ColorsTableView.xcdatamodeld in Sources */,
			);
			runOnlyForDeploymentPostprocessing = 0;
		};
		5F1E17691FA4330700BE52CC /* Sources */ = {
			isa = PBXSourcesBuildPhase;
			buildActionMask = 2147483647;
			files = (
				5F1E17721FA4330700BE52CC /* ColorsTableViewTests.swift in Sources */,
			);
			runOnlyForDeploymentPostprocessing = 0;
		};
		5F1E17741FA4330700BE52CC /* Sources */ = {
			isa = PBXSourcesBuildPhase;
			buildActionMask = 2147483647;
			files = (
				5F1E177D1FA4330700BE52CC /* ColorsTableViewUITests.swift in Sources */,
			);
			runOnlyForDeploymentPostprocessing = 0;
		};
/* End PBXSourcesBuildPhase section */

/* Begin PBXTargetDependency section */
		5F1E176F1FA4330700BE52CC /* PBXTargetDependency */ = {
			isa = PBXTargetDependency;
			target = 5F1E17551FA4330600BE52CC /* ColorsTableView */;
			targetProxy = 5F1E176E1FA4330700BE52CC /* PBXContainerItemProxy */;
		};
		5F1E177A1FA4330700BE52CC /* PBXTargetDependency */ = {
			isa = PBXTargetDependency;
			target = 5F1E17551FA4330600BE52CC /* ColorsTableView */;
			targetProxy = 5F1E17791FA4330700BE52CC /* PBXContainerItemProxy */;
		};
/* End PBXTargetDependency section */

/* Begin PBXVariantGroup section */
		5F1E175D1FA4330600BE52CC /* Main.storyboard */ = {
			isa = PBXVariantGroup;
			children = (
				5F1E175E1FA4330600BE52CC /* Base */,
			);
			name = Main.storyboard;
			sourceTree = "<group>";
		};
		5F1E17651FA4330600BE52CC /* LaunchScreen.storyboard */ = {
			isa = PBXVariantGroup;
			children = (
				5F1E17661FA4330600BE52CC /* Base */,
			);
			name = LaunchScreen.storyboard;
			sourceTree = "<group>";
		};
/* End PBXVariantGroup section */

/* Begin XCBuildConfiguration section */
		5F1E177F1FA4330700BE52CC /* Debug */ = {
			isa = XCBuildConfiguration;
			buildSettings = {
				ALWAYS_SEARCH_USER_PATHS = NO;
				CLANG_ANALYZER_NONNULL = YES;
				CLANG_ANALYZER_NUMBER_OBJECT_CONVERSION = YES_AGGRESSIVE;
				CLANG_CXX_LANGUAGE_STANDARD = "gnu++14";
				CLANG_CXX_LIBRARY = "libc++";
				CLANG_ENABLE_MODULES = YES;
				CLANG_ENABLE_OBJC_ARC = YES;
				CLANG_WARN_BLOCK_CAPTURE_AUTORELEASING = YES;
				CLANG_WARN_BOOL_CONVERSION = YES;
				CLANG_WARN_COMMA = YES;
				CLANG_WARN_CONSTANT_CONVERSION = YES;
				CLANG_WARN_DIRECT_OBJC_ISA_USAGE = YES_ERROR;
				CLANG_WARN_DOCUMENTATION_COMMENTS = YES;
				CLANG_WARN_EMPTY_BODY = YES;
				CLANG_WARN_ENUM_CONVERSION = YES;
				CLANG_WARN_INFINITE_RECURSION = YES;
				CLANG_WARN_INT_CONVERSION = YES;
				CLANG_WARN_NON_LITERAL_NULL_CONVERSION = YES;
				CLANG_WARN_OBJC_LITERAL_CONVERSION = YES;
				CLANG_WARN_OBJC_ROOT_CLASS = YES_ERROR;
				CLANG_WARN_RANGE_LOOP_ANALYSIS = YES;
				CLANG_WARN_STRICT_PROTOTYPES = YES;
				CLANG_WARN_SUSPICIOUS_MOVE = YES;
				CLANG_WARN_UNGUARDED_AVAILABILITY = YES_AGGRESSIVE;
				CLANG_WARN_UNREACHABLE_CODE = YES;
				CLANG_WARN__DUPLICATE_METHOD_MATCH = YES;
				CODE_SIGN_IDENTITY = "iPhone Developer";
				COPY_PHASE_STRIP = NO;
				DEBUG_INFORMATION_FORMAT = dwarf;
				ENABLE_STRICT_OBJC_MSGSEND = YES;
				ENABLE_TESTABILITY = YES;
				GCC_C_LANGUAGE_STANDARD = gnu11;
				GCC_DYNAMIC_NO_PIC = NO;
				GCC_NO_COMMON_BLOCKS = YES;
				GCC_OPTIMIZATION_LEVEL = 0;
				GCC_PREPROCESSOR_DEFINITIONS = (
					"DEBUG=1",
					"$(inherited)",
				);
				GCC_WARN_64_TO_32_BIT_CONVERSION = YES;
				GCC_WARN_ABOUT_RETURN_TYPE = YES_ERROR;
				GCC_WARN_UNDECLARED_SELECTOR = YES;
				GCC_WARN_UNINITIALIZED_AUTOS = YES_AGGRESSIVE;
				GCC_WARN_UNUSED_FUNCTION = YES;
				GCC_WARN_UNUSED_VARIABLE = YES;
				IPHONEOS_DEPLOYMENT_TARGET = 11.0;
				MTL_ENABLE_DEBUG_INFO = YES;
				ONLY_ACTIVE_ARCH = YES;
				SDKROOT = iphoneos;
				SWIFT_ACTIVE_COMPILATION_CONDITIONS = DEBUG;
				SWIFT_OPTIMIZATION_LEVEL = "-Onone";
			};
			name = Debug;
		};
		5F1E17801FA4330700BE52CC /* Release */ = {
			isa = XCBuildConfiguration;
			buildSettings = {
				ALWAYS_SEARCH_USER_PATHS = NO;
				CLANG_ANALYZER_NONNULL = YES;
				CLANG_ANALYZER_NUMBER_OBJECT_CONVERSION = YES_AGGRESSIVE;
				CLANG_CXX_LANGUAGE_STANDARD = "gnu++14";
				CLANG_CXX_LIBRARY = "libc++";
				CLANG_ENABLE_MODULES = YES;
				CLANG_ENABLE_OBJC_ARC = YES;
				CLANG_WARN_BLOCK_CAPTURE_AUTORELEASING = YES;
				CLANG_WARN_BOOL_CONVERSION = YES;
				CLANG_WARN_COMMA = YES;
				CLANG_WARN_CONSTANT_CONVERSION = YES;
				CLANG_WARN_DIRECT_OBJC_ISA_USAGE = YES_ERROR;
				CLANG_WARN_DOCUMENTATION_COMMENTS = YES;
				CLANG_WARN_EMPTY_BODY = YES;
				CLANG_WARN_ENUM_CONVERSION = YES;
				CLANG_WARN_INFINITE_RECURSION = YES;
				CLANG_WARN_INT_CONVERSION = YES;
				CLANG_WARN_NON_LITERAL_NULL_CONVERSION = YES;
				CLANG_WARN_OBJC_LITERAL_CONVERSION = YES;
				CLANG_WARN_OBJC_ROOT_CLASS = YES_ERROR;
				CLANG_WARN_RANGE_LOOP_ANALYSIS = YES;
				CLANG_WARN_STRICT_PROTOTYPES = YES;
				CLANG_WARN_SUSPICIOUS_MOVE = YES;
				CLANG_WARN_UNGUARDED_AVAILABILITY = YES_AGGRESSIVE;
				CLANG_WARN_UNREACHABLE_CODE = YES;
				CLANG_WARN__DUPLICATE_METHOD_MATCH = YES;
				CODE_SIGN_IDENTITY = "iPhone Developer";
				COPY_PHASE_STRIP = NO;
				DEBUG_INFORMATION_FORMAT = "dwarf-with-dsym";
				ENABLE_NS_ASSERTIONS = NO;
				ENABLE_STRICT_OBJC_MSGSEND = YES;
				GCC_C_LANGUAGE_STANDARD = gnu11;
				GCC_NO_COMMON_BLOCKS = YES;
				GCC_WARN_64_TO_32_BIT_CONVERSION = YES;
				GCC_WARN_ABOUT_RETURN_TYPE = YES_ERROR;
				GCC_WARN_UNDECLARED_SELECTOR = YES;
				GCC_WARN_UNINITIALIZED_AUTOS = YES_AGGRESSIVE;
				GCC_WARN_UNUSED_FUNCTION = YES;
				GCC_WARN_UNUSED_VARIABLE = YES;
				IPHONEOS_DEPLOYMENT_TARGET = 11.0;
				MTL_ENABLE_DEBUG_INFO = NO;
				SDKROOT = iphoneos;
				SWIFT_OPTIMIZATION_LEVEL = "-Owholemodule";
				VALIDATE_PRODUCT = YES;
			};
			name = Release;
		};
		5F1E17821FA4330700BE52CC /* Debug */ = {
			isa = XCBuildConfiguration;
			buildSettings = {
				ASSETCATALOG_COMPILER_APPICON_NAME = AppIcon;
				CODE_SIGN_STYLE = Automatic;
				DEVELOPMENT_TEAM = Q77HXUAE7T;
				INFOPLIST_FILE = ColorsTableView/Info.plist;
				LD_RUNPATH_SEARCH_PATHS = "$(inherited) @executable_path/Frameworks";
				PRODUCT_BUNDLE_IDENTIFIER = online.techinnovator.ColorsTableView;
				PRODUCT_NAME = "$(TARGET_NAME)";
				SWIFT_VERSION = 4.0;
				TARGETED_DEVICE_FAMILY = "1,2";
			};
			name = Debug;
		};
		5F1E17831FA4330700BE52CC /* Release */ = {
			isa = XCBuildConfiguration;
			buildSettings = {
				ASSETCATALOG_COMPILER_APPICON_NAME = AppIcon;
				CODE_SIGN_STYLE = Automatic;
				DEVELOPMENT_TEAM = Q77HXUAE7T;
				INFOPLIST_FILE = ColorsTableView/Info.plist;
				LD_RUNPATH_SEARCH_PATHS = "$(inherited) @executable_path/Frameworks";
				PRODUCT_BUNDLE_IDENTIFIER = online.techinnovator.ColorsTableView;
				PRODUCT_NAME = "$(TARGET_NAME)";
				SWIFT_VERSION = 4.0;
				TARGETED_DEVICE_FAMILY = "1,2";
			};
			name = Release;
		};
		5F1E17851FA4330700BE52CC /* Debug */ = {
			isa = XCBuildConfiguration;
			buildSettings = {
				ALWAYS_EMBED_SWIFT_STANDARD_LIBRARIES = YES;
				BUNDLE_LOADER = "$(TEST_HOST)";
				CODE_SIGN_STYLE = Automatic;
				DEVELOPMENT_TEAM = Q77HXUAE7T;
				INFOPLIST_FILE = ColorsTableViewTests/Info.plist;
				LD_RUNPATH_SEARCH_PATHS = "$(inherited) @executable_path/Frameworks @loader_path/Frameworks";
				PRODUCT_BUNDLE_IDENTIFIER = online.techinnovator.ColorsTableViewTests;
				PRODUCT_NAME = "$(TARGET_NAME)";
				SWIFT_VERSION = 4.0;
				TARGETED_DEVICE_FAMILY = "1,2";
				TEST_HOST = "$(BUILT_PRODUCTS_DIR)/ColorsTableView.app/ColorsTableView";
			};
			name = Debug;
		};
		5F1E17861FA4330700BE52CC /* Release */ = {
			isa = XCBuildConfiguration;
			buildSettings = {
				ALWAYS_EMBED_SWIFT_STANDARD_LIBRARIES = YES;
				BUNDLE_LOADER = "$(TEST_HOST)";
				CODE_SIGN_STYLE = Automatic;
				DEVELOPMENT_TEAM = Q77HXUAE7T;
				INFOPLIST_FILE = ColorsTableViewTests/Info.plist;
				LD_RUNPATH_SEARCH_PATHS = "$(inherited) @executable_path/Frameworks @loader_path/Frameworks";
				PRODUCT_BUNDLE_IDENTIFIER = online.techinnovator.ColorsTableViewTests;
				PRODUCT_NAME = "$(TARGET_NAME)";
				SWIFT_VERSION = 4.0;
				TARGETED_DEVICE_FAMILY = "1,2";
				TEST_HOST = "$(BUILT_PRODUCTS_DIR)/ColorsTableView.app/ColorsTableView";
			};
			name = Release;
		};
		5F1E17881FA4330700BE52CC /* Debug */ = {
			isa = XCBuildConfiguration;
			buildSettings = {
				ALWAYS_EMBED_SWIFT_STANDARD_LIBRARIES = YES;
				CODE_SIGN_STYLE = Automatic;
				DEVELOPMENT_TEAM = Q77HXUAE7T;
				INFOPLIST_FILE = ColorsTableViewUITests/Info.plist;
				LD_RUNPATH_SEARCH_PATHS = "$(inherited) @executable_path/Frameworks @loader_path/Frameworks";
				PRODUCT_BUNDLE_IDENTIFIER = online.techinnovator.ColorsTableViewUITests;
				PRODUCT_NAME = "$(TARGET_NAME)";
				SWIFT_VERSION = 4.0;
				TARGETED_DEVICE_FAMILY = "1,2";
				TEST_TARGET_NAME = ColorsTableView;
			};
			name = Debug;
		};
		5F1E17891FA4330700BE52CC /* Release */ = {
			isa = XCBuildConfiguration;
			buildSettings = {
				ALWAYS_EMBED_SWIFT_STANDARD_LIBRARIES = YES;
				CODE_SIGN_STYLE = Automatic;
				DEVELOPMENT_TEAM = Q77HXUAE7T;
				INFOPLIST_FILE = ColorsTableViewUITests/Info.plist;
				LD_RUNPATH_SEARCH_PATHS = "$(inherited) @executable_path/Frameworks @loader_path/Frameworks";
				PRODUCT_BUNDLE_IDENTIFIER = online.techinnovator.ColorsTableViewUITests;
				PRODUCT_NAME = "$(TARGET_NAME)";
				SWIFT_VERSION = 4.0;
				TARGETED_DEVICE_FAMILY = "1,2";
				TEST_TARGET_NAME = ColorsTableView;
			};
			name = Release;
		};
/* End XCBuildConfiguration section */

/* Begin XCConfigurationList section */
		5F1E17511FA4330600BE52CC /* Build configuration list for PBXProject "ColorsTableView" */ = {
			isa = XCConfigurationList;
			buildConfigurations = (
				5F1E177F1FA4330700BE52CC /* Debug */,
				5F1E17801FA4330700BE52CC /* Release */,
			);
			defaultConfigurationIsVisible = 0;
			defaultConfigurationName = Release;
		};
		5F1E17811FA4330700BE52CC /* Build configuration list for PBXNativeTarget "ColorsTableView" */ = {
			isa = XCConfigurationList;
			buildConfigurations = (
				5F1E17821FA4330700BE52CC /* Debug */,
				5F1E17831FA4330700BE52CC /* Release */,
			);
			defaultConfigurationIsVisible = 0;
			defaultConfigurationName = Release;
		};
		5F1E17841FA4330700BE52CC /* Build configuration list for PBXNativeTarget "ColorsTableViewTests" */ = {
			isa = XCConfigurationList;
			buildConfigurations = (
				5F1E17851FA4330700BE52CC /* Debug */,
				5F1E17861FA4330700BE52CC /* Release */,
			);
			defaultConfigurationIsVisible = 0;
			defaultConfigurationName = Release;
		};
		5F1E17871FA4330700BE52CC /* Build configuration list for PBXNativeTarget "ColorsTableViewUITests" */ = {
			isa = XCConfigurationList;
			buildConfigurations = (
				5F1E17881FA4330700BE52CC /* Debug */,
				5F1E17891FA4330700BE52CC /* Release */,
			);
			defaultConfigurationIsVisible = 0;
			defaultConfigurationName = Release;
		};
/* End XCConfigurationList section */

/* Begin XCVersionGroup section */
		5F1E17601FA4330600BE52CC /* ColorsTableView.xcdatamodeld */ = {
			isa = XCVersionGroup;
			children = (
				5F1E17611FA4330600BE52CC /* ColorsTableView.xcdatamodel */,
			);
			currentVersion = 5F1E17611FA4330600BE52CC /* ColorsTableView.xcdatamodel */;
			path = ColorsTableView.xcdatamodeld;
			sourceTree = "<group>";
			versionGroupType = wrapper.xcdatamodel;
		};
/* End XCVersionGroup section */
	};
	rootObject = 5F1E174E1FA4330600BE52CC /* Project object */;
}
